
Microsoft Visual Studio Solution File, Format Version 10.00
# Visual Studio 2008
Project("{8BC9CEB8-8B4A-11D0-8D11-00A0C91BC942}") = "xmltooling", "xmltooling\xmltooling.vcproj", "{06B55A46-D3B3-41AE-B5A5-B57830BA010D}"
EndProject
Project("{8BC9CEB8-8B4A-11D0-8D11-00A0C91BC942}") = "xmltoolingtest", "xmltoolingtest\xmltoolingtest.vcproj", "{3E34CDCC-FCBA-490D-A165-1CB6F4559799}"
	ProjectSection(ProjectDependencies) = postProject
		{06B55A46-D3B3-41AE-B5A5-B57830BA010D} = {06B55A46-D3B3-41AE-B5A5-B57830BA010D}
	EndProjectSection
EndProject
Project("{8BC9CEB8-8B4A-11D0-8D11-00A0C91BC942}") = "xmltooling-lite", "xmltooling\xmltooling-lite.vcproj", "{06B55A46-D3B3-41AE-B5A5-B57830BA010E}"
EndProject
Project("{2150E333-8FDC-42A3-9474-1A3956D46DE8}") = "Misc", "Misc", "{61BF324D-2532-49C9-93CE-DF0E89529D4F}"
	ProjectSection(SolutionItems) = preProject
		acinclude.m4 = acinclude.m4
		acx_pthread.m4 = acx_pthread.m4
		ax_create_pkgconfig_info.m4 = ax_create_pkgconfig_info.m4
		bootstrap = bootstrap
		config_win32.h = config_win32.h
		configure.ac = configure.ac
		depend = depend
		doxygen.am = doxygen.am
		doxygen.cfg = doxygen.cfg
		doxygen.m4 = doxygen.m4
		libtool.m4 = libtool.m4
		ltmain.sh = ltmain.sh
		Makefile.am = Makefile.am
		pkginfo.in = pkginfo.in
		Portfile.in = Portfile.in
		postinstall = postinstall
		xmltooling.spec.in = xmltooling.spec.in
	EndProjectSection
EndProject
Global
	GlobalSection(SolutionConfigurationPlatforms) = preSolution
		Debug|Win32 = Debug|Win32
		Debug|x64 = Debug|x64
		Release|Win32 = Release|Win32
		Release|x64 = Release|x64
	EndGlobalSection
	GlobalSection(ProjectConfigurationPlatforms) = postSolution
		{06B55A46-D3B3-41AE-B5A5-B57830BA010D}.Debug|Win32.ActiveCfg = Debug|Win32
		{06B55A46-D3B3-41AE-B5A5-B57830BA010D}.Debug|Win32.Build.0 = Debug|Win32
		{06B55A46-D3B3-41AE-B5A5-B57830BA010D}.Debug|x64.ActiveCfg = Debug|x64
		{06B55A46-D3B3-41AE-B5A5-B57830BA010D}.Debug|x64.Build.0 = Debug|x64
		{06B55A46-D3B3-41AE-B5A5-B57830BA010D}.Release|Win32.ActiveCfg = Release|Win32
		{06B55A46-D3B3-41AE-B5A5-B57830BA010D}.Release|Win32.Build.0 = Release|Win32
		{06B55A46-D3B3-41AE-B5A5-B57830BA010D}.Release|x64.ActiveCfg = Release|x64
		{06B55A46-D3B3-41AE-B5A5-B57830BA010D}.Release|x64.Build.0 = Release|x64
		{3E34CDCC-FCBA-490D-A165-1CB6F4559799}.Debug|Win32.ActiveCfg = Debug|Win32
		{3E34CDCC-FCBA-490D-A165-1CB6F4559799}.Debug|Win32.Build.0 = Debug|Win32
		{3E34CDCC-FCBA-490D-A165-1CB6F4559799}.Debug|x64.ActiveCfg = Debug|x64
		{3E34CDCC-FCBA-490D-A165-1CB6F4559799}.Debug|x64.Build.0 = Debug|x64
		{3E34CDCC-FCBA-490D-A165-1CB6F4559799}.Release|Win32.ActiveCfg = Release|Win32
		{3E34CDCC-FCBA-490D-A165-1CB6F4559799}.Release|Win32.Build.0 = Release|Win32
		{3E34CDCC-FCBA-490D-A165-1CB6F4559799}.Release|x64.ActiveCfg = Release|x64
		{3E34CDCC-FCBA-490D-A165-1CB6F4559799}.Release|x64.Build.0 = Release|x64
		{06B55A46-D3B3-41AE-B5A5-B57830BA010E}.Debug|Win32.ActiveCfg = Debug|Win32
		{06B55A46-D3B3-41AE-B5A5-B57830BA010E}.Debug|Win32.Build.0 = Debug|Win32
		{06B55A46-D3B3-41AE-B5A5-B57830BA010E}.Debug|x64.ActiveCfg = Debug|x64
		{06B55A46-D3B3-41AE-B5A5-B57830BA010E}.Debug|x64.Build.0 = Debug|x64
		{06B55A46-D3B3-41AE-B5A5-B57830BA010E}.Release|Win32.ActiveCfg = Release|Win32
		{06B55A46-D3B3-41AE-B5A5-B57830BA010E}.Release|Win32.Build.0 = Release|Win32
		{06B55A46-D3B3-41AE-B5A5-B57830BA010E}.Release|x64.ActiveCfg = Release|x64
		{06B55A46-D3B3-41AE-B5A5-B57830BA010E}.Release|x64.Build.0 = Release|x64
	EndGlobalSection
	GlobalSection(SolutionProperties) = preSolution
		HideSolutionNode = FALSE
	EndGlobalSection
EndGlobal
