<?xml version="1.0" encoding="utf-8"?>
<Project ToolsVersion="4.0" xmlns="http://schemas.microsoft.com/developer/msbuild/2003">
  <ItemGroup>
    <Filter Include="Source Files">
      <UniqueIdentifier>{5FC737F1-C7A5-4376-A066-2A32D752A2FF}</UniqueIdentifier>
      <Extensions>cpp;c;cc;cxx;def;odl;idl;hpj;bat;asm;asmx</Extensions>
    </Filter>
    <Filter Include="Source Files\util">
      <UniqueIdentifier>{6b31e0fe-3ed6-42a1-91ab-01785706b725}</UniqueIdentifier>
    </Filter>
    <Filter Include="Source Files\io">
      <UniqueIdentifier>{0192d858-4723-4ee6-b664-45090a294e58}</UniqueIdentifier>
    </Filter>
    <Filter Include="Source Files\impl">
      <UniqueIdentifier>{a8379edd-bc5d-4566-861b-1609b8be7556}</UniqueIdentifier>
    </Filter>
    <Filter Include="Source Files\validation">
      <UniqueIdentifier>{d8ada3a2-c249-495c-a156-23be280c8f7e}</UniqueIdentifier>
    </Filter>
    <Filter Include="Source Files\soap">
      <UniqueIdentifier>{c8607946-d663-43ef-b1a9-d45aa87d2561}</UniqueIdentifier>
    </Filter>
    <Filter Include="Source Files\soap\impl">
      <UniqueIdentifier>{e166c754-ceb0-4852-88e5-77c7ef6d519a}</UniqueIdentifier>
    </Filter>
    <Filter Include="Header Files">
      <UniqueIdentifier>{93995380-89BD-4b04-88EB-625FBE52EBFC}</UniqueIdentifier>
      <Extensions>h;hpp;hxx;hm;inl;inc;xsd</Extensions>
    </Filter>
    <Filter Include="Header Files\util">
      <UniqueIdentifier>{c7d3c01c-c0f1-4f9d-99b9-9e6292ee7907}</UniqueIdentifier>
    </Filter>
    <Filter Include="Header Files\io">
      <UniqueIdentifier>{63cd591c-270f-489a-bd8f-f0a10c3ed035}</UniqueIdentifier>
    </Filter>
    <Filter Include="Header Files\impl">
      <UniqueIdentifier>{5c74a183-c6f1-433e-8f7a-1b540d7f6661}</UniqueIdentifier>
    </Filter>
    <Filter Include="Header Files\validation">
      <UniqueIdentifier>{ebed0c01-a837-40f8-8e5d-87308964abb6}</UniqueIdentifier>
    </Filter>
    <Filter Include="Header Files\soap">
      <UniqueIdentifier>{dc121f87-4caa-478c-a125-2bb8240b92e9}</UniqueIdentifier>
    </Filter>
    <Filter Include="Resource Files">
      <UniqueIdentifier>{67DA6AB6-F800-4c08-8B7A-83BB121AAD02}</UniqueIdentifier>
      <Extensions>rc;ico;cur;bmp;dlg;rc2;rct;bin;rgs;gif;jpg;jpeg;jpe;resx;tiff;tif;png;wav</Extensions>
    </Filter>
  </ItemGroup>
  <ItemGroup>
    <ClCompile Include="..\..\..\XMLTooling\AbstractAttributeExtensibleXMLObject.cpp">
      <Filter>Source Files</Filter>
    </ClCompile>
    <ClCompile Include="..\..\..\XMLTooling\AbstractComplexElement.cpp">
      <Filter>Source Files</Filter>
    </ClCompile>
    <ClCompile Include="..\..\..\XMLTooling\AbstractDOMCachingXMLObject.cpp">
      <Filter>Source Files</Filter>
    </ClCompile>
    <ClCompile Include="..\..\..\XMLTooling\AbstractSimpleElement.cpp">
      <Filter>Source Files</Filter>
    </ClCompile>
    <ClCompile Include="..\..\..\XMLTooling\AbstractXMLObject.cpp">
      <Filter>Source Files</Filter>
    </ClCompile>
    <ClCompile Include="..\..\..\XMLTooling\exceptions.cpp">
      <Filter>Source Files</Filter>
    </ClCompile>
    <ClCompile Include="..\..\..\XMLTooling\Lockable.cpp">
      <Filter>Source Files</Filter>
    </ClCompile>
    <ClCompile Include="..\..\..\XMLTooling\Namespace.cpp">
      <Filter>Source Files</Filter>
    </ClCompile>
    <ClCompile Include="..\..\..\XMLTooling\QName.cpp">
      <Filter>Source Files</Filter>
    </ClCompile>
    <ClCompile Include="..\..\..\XMLTooling\unicode.cpp">
      <Filter>Source Files</Filter>
    </ClCompile>
    <ClCompile Include="..\..\..\XMLTooling\XMLObjectBuilder.cpp">
      <Filter>Source Files</Filter>
    </ClCompile>
    <ClCompile Include="..\..\..\XMLTooling\XMLToolingConfig.cpp">
      <Filter>Source Files</Filter>
    </ClCompile>
    <ClCompile Include="..\..\..\XMLTooling\util\NDC.cpp">
      <Filter>Source Files\util</Filter>
    </ClCompile>
    <ClCompile Include="..\..\..\XMLTooling\util\ParserPool.cpp">
      <Filter>Source Files\util</Filter>
    </ClCompile>
    <ClCompile Include="..\..\..\XMLTooling\util\PathResolver.cpp">
      <Filter>Source Files\util</Filter>
    </ClCompile>
    <ClCompile Include="..\..\..\XMLTooling\util\ReloadableXMLFile.cpp">
      <Filter>Source Files\util</Filter>
    </ClCompile>
    <ClCompile Include="..\..\..\XMLTooling\util\TemplateEngine.cpp">
      <Filter>Source Files\util</Filter>
    </ClCompile>
    <ClCompile Include="..\..\..\XMLTooling\util\URLEncoder.cpp">
      <Filter>Source Files\util</Filter>
    </ClCompile>
    <ClCompile Include="..\..\..\XMLTooling\util\Win32Threads.cpp">
      <Filter>Source Files\util</Filter>
    </ClCompile>
    <ClCompile Include="..\..\..\XMLTooling\util\XMLConstants.cpp">
      <Filter>Source Files\util</Filter>
    </ClCompile>
    <ClCompile Include="..\..\..\XMLTooling\util\XMLHelper.cpp">
      <Filter>Source Files\util</Filter>
    </ClCompile>
    <ClCompile Include="..\..\..\XMLTooling\io\AbstractXMLObjectMarshaller.cpp">
      <Filter>Source Files\io</Filter>
    </ClCompile>
    <ClCompile Include="..\..\..\XMLTooling\io\AbstractXMLObjectUnmarshaller.cpp">
      <Filter>Source Files\io</Filter>
    </ClCompile>
    <ClCompile Include="..\..\..\XMLTooling\io\HTTPRequest.cpp">
      <Filter>Source Files\io</Filter>
    </ClCompile>
    <ClCompile Include="..\..\..\XMLTooling\io\HTTPResponse.cpp">
      <Filter>Source Files\io</Filter>
    </ClCompile>
    <ClCompile Include="..\..\..\XMLTooling\impl\AnyElement.cpp">
      <Filter>Source Files\impl</Filter>
    </ClCompile>
    <ClCompile Include="..\..\..\XMLTooling\impl\UnknownElement.cpp">
      <Filter>Source Files\impl</Filter>
    </ClCompile>
    <ClCompile Include="..\..\..\XMLTooling\validation\ValidatorSuite.cpp">
      <Filter>Source Files\validation</Filter>
    </ClCompile>
    <ClCompile Include="..\..\..\XMLTooling\soap\impl\SOAPClient.cpp">
      <Filter>Source Files\soap\impl</Filter>
    </ClCompile>
    <ClCompile Include="..\..\..\XMLTooling\soap\impl\SOAPImpl.cpp">
      <Filter>Source Files\soap\impl</Filter>
    </ClCompile>
    <ClCompile Include="..\..\..\XMLTooling\soap\impl\SOAPSchemaValidators.cpp">
      <Filter>Source Files\soap\impl</Filter>
    </ClCompile>
    <ClCompile Include="..\..\..\XMLTooling\version.cpp">
      <Filter>Source Files</Filter>
    </ClCompile>
    <ClCompile Include="..\..\..\xmltooling\util\CloneInputStream.cpp">
      <Filter>Source Files\util</Filter>
    </ClCompile>
    <ClCompile Include="..\..\..\xmltooling\util\DirectoryWalker.cpp">
      <Filter>Source Files\util</Filter>
    </ClCompile>
  </ItemGroup>
  <ItemGroup>
    <ClInclude Include="..\..\..\XMLTooling\AbstractAttributeExtensibleXMLObject.h">
      <Filter>Header Files</Filter>
    </ClInclude>
    <ClInclude Include="..\..\..\XMLTooling\AbstractComplexElement.h">
      <Filter>Header Files</Filter>
    </ClInclude>
    <ClInclude Include="..\..\..\XMLTooling\AbstractDOMCachingXMLObject.h">
      <Filter>Header Files</Filter>
    </ClInclude>
    <ClInclude Include="..\..\..\XMLTooling\AbstractSimpleElement.h">
      <Filter>Header Files</Filter>
    </ClInclude>
    <ClInclude Include="..\..\..\XMLTooling\AbstractXMLObject.h">
      <Filter>Header Files</Filter>
    </ClInclude>
    <ClInclude Include="..\..\..\XMLTooling\AttributeExtensibleXMLObject.h">
      <Filter>Header Files</Filter>
    </ClInclude>
    <ClInclude Include="..\..\..\XMLTooling\base.h">
      <Filter>Header Files</Filter>
    </ClInclude>
    <ClInclude Include="..\..\..\XMLTooling\ConcreteXMLObjectBuilder.h">
      <Filter>Header Files</Filter>
    </ClInclude>
    <ClInclude Include="..\..\..\XMLTooling\config_pub_win32.h">
      <Filter>Header Files</Filter>
    </ClInclude>
    <ClInclude Include="..\..\..\XMLTooling\ElementExtensibleXMLObject.h">
      <Filter>Header Files</Filter>
    </ClInclude>
    <ClInclude Include="..\..\..\XMLTooling\ElementProxy.h">
      <Filter>Header Files</Filter>
    </ClInclude>
    <ClInclude Include="..\..\..\XMLTooling\exceptions.h">
      <Filter>Header Files</Filter>
    </ClInclude>
    <ClInclude Include="..\..\..\XMLTooling\internal.h">
      <Filter>Header Files</Filter>
    </ClInclude>
    <ClInclude Include="..\..\..\XMLTooling\Lockable.h">
      <Filter>Header Files</Filter>
    </ClInclude>
    <ClInclude Include="..\..\..\XMLTooling\logging.h">
      <Filter>Header Files</Filter>
    </ClInclude>
    <ClInclude Include="..\..\..\XMLTooling\Namespace.h">
      <Filter>Header Files</Filter>
    </ClInclude>
    <ClInclude Include="..\..\..\XMLTooling\PluginManager.h">
      <Filter>Header Files</Filter>
    </ClInclude>
    <ClInclude Include="..\..\..\XMLTooling\QName.h">
      <Filter>Header Files</Filter>
    </ClInclude>
    <ClInclude Include="..\..\..\XMLTooling\unicode.h">
      <Filter>Header Files</Filter>
    </ClInclude>
    <ClInclude Include="..\..\..\XMLTooling\version.h">
      <Filter>Header Files</Filter>
    </ClInclude>
    <ClInclude Include="..\..\..\XMLTooling\XMLObject.h">
      <Filter>Header Files</Filter>
    </ClInclude>
    <ClInclude Include="..\..\..\XMLTooling\XMLObjectBuilder.h">
      <Filter>Header Files</Filter>
    </ClInclude>
    <ClInclude Include="..\..\..\XMLTooling\XMLToolingConfig.h">
      <Filter>Header Files</Filter>
    </ClInclude>
    <ClInclude Include="..\..\..\XMLTooling\util\NDC.h">
      <Filter>Header Files\util</Filter>
    </ClInclude>
    <ClInclude Include="..\..\..\XMLTooling\util\ParserPool.h">
      <Filter>Header Files\util</Filter>
    </ClInclude>
    <ClInclude Include="..\..\..\XMLTooling\util\PathResolver.h">
      <Filter>Header Files\util</Filter>
    </ClInclude>
    <ClInclude Include="..\..\..\XMLTooling\util\Predicates.h">
      <Filter>Header Files\util</Filter>
    </ClInclude>
    <ClInclude Include="..\..\..\XMLTooling\util\ReloadableXMLFile.h">
      <Filter>Header Files\util</Filter>
    </ClInclude>
    <ClInclude Include="..\..\..\XMLTooling\util\TemplateEngine.h">
      <Filter>Header Files\util</Filter>
    </ClInclude>
    <ClInclude Include="..\..\..\XMLTooling\util\Threads.h">
      <Filter>Header Files\util</Filter>
    </ClInclude>
    <ClInclude Include="..\..\..\XMLTooling\util\URLEncoder.h">
      <Filter>Header Files\util</Filter>
    </ClInclude>
    <ClInclude Include="..\..\..\XMLTooling\util\XMLConstants.h">
      <Filter>Header Files\util</Filter>
    </ClInclude>
    <ClInclude Include="..\..\..\XMLTooling\util\XMLHelper.h">
      <Filter>Header Files\util</Filter>
    </ClInclude>
    <ClInclude Include="..\..\..\XMLTooling\util\XMLObjectChildrenList.h">
      <Filter>Header Files\util</Filter>
    </ClInclude>
    <ClInclude Include="..\..\..\XMLTooling\io\AbstractXMLObjectMarshaller.h">
      <Filter>Header Files\io</Filter>
    </ClInclude>
    <ClInclude Include="..\..\..\XMLTooling\io\AbstractXMLObjectUnmarshaller.h">
      <Filter>Header Files\io</Filter>
    </ClInclude>
    <ClInclude Include="..\..\..\XMLTooling\impl\AnyElement.h">
      <Filter>Header Files\impl</Filter>
    </ClInclude>
    <ClInclude Include="..\..\..\XMLTooling\impl\UnknownElement.h">
      <Filter>Header Files\impl</Filter>
    </ClInclude>
    <ClInclude Include="..\..\..\XMLTooling\validation\Validator.h">
      <Filter>Header Files\validation</Filter>
    </ClInclude>
    <ClInclude Include="..\..\..\XMLTooling\validation\ValidatorSuite.h">
      <Filter>Header Files\validation</Filter>
    </ClInclude>
    <ClInclude Include="..\..\..\XMLTooling\soap\HTTPSOAPTransport.h">
      <Filter>Header Files\soap</Filter>
    </ClInclude>
    <ClInclude Include="..\..\..\XMLTooling\soap\SOAP.h">
      <Filter>Header Files\soap</Filter>
    </ClInclude>
    <ClInclude Include="..\..\..\XMLTooling\soap\SOAPClient.h">
      <Filter>Header Files\soap</Filter>
    </ClInclude>
    <ClInclude Include="..\..\..\XMLTooling\soap\SOAPTransport.h">
      <Filter>Header Files\soap</Filter>
    </ClInclude>
    <ClInclude Include="..\..\..\xmltooling\util\CloneInputStream.h">
      <Filter>Header Files\util</Filter>
    </ClInclude>
    <ClInclude Include="..\..\..\xmltooling\util\DirectoryWalker.h">
      <Filter>Header Files\util</Filter>
    </ClInclude>
  </ItemGroup>
  <ItemGroup>
    <ResourceCompile Include="..\..\..\XMLTooling\xmltooling.rc">
      <Filter>Resource Files</Filter>
    </ResourceCompile>
  </ItemGroup>
  <ItemGroup>
    <None Include="..\..\..\XMLTooling\config_pub.h.in" />
    <None Include="..\..\..\XMLTooling\Makefile.am" />
  </ItemGroup>
</Project>