<?xml version="1.0" encoding="utf-8"?>
<Project ToolsVersion="4.0" xmlns="http://schemas.microsoft.com/developer/msbuild/2003">
  <ItemGroup>
    <Filter Include="Generated Code">
      <UniqueIdentifier>{4FC737F1-C7A5-4376-A066-2A32D752A2FF}</UniqueIdentifier>
      <Extensions>cpp;c;cc;cxx;def;odl;idl;hpj;bat;asm;asmx</Extensions>
    </Filter>
    <Filter Include="Unit Tests">
      <UniqueIdentifier>{93995380-89BD-4b04-88EB-625FBE52EBFB}</UniqueIdentifier>
      <Extensions>h;hpp;hxx;hm;inl;inc;xsd</Extensions>
    </Filter>
  </ItemGroup>
  <ItemGroup>
    <ClCompile Include="ComplexXMLObjectTest.cpp">
      <Filter>Generated Code</Filter>
    </ClCompile>
    <ClCompile Include="DateTimeTest.cpp">
      <Filter>Generated Code</Filter>
    </ClCompile>
    <ClCompile Include="EncryptionTest.cpp">
      <Filter>Generated Code</Filter>
    </ClCompile>
    <ClCompile Include="ExceptionTest.cpp">
      <Filter>Generated Code</Filter>
    </ClCompile>
    <ClCompile Include="FilesystemCredentialResolverTest.cpp">
      <Filter>Generated Code</Filter>
    </ClCompile>
    <ClCompile Include="InlineKeyResolverTest.cpp">
      <Filter>Generated Code</Filter>
    </ClCompile>
    <ClCompile Include="KeyInfoTest.cpp">
      <Filter>Generated Code</Filter>
    </ClCompile>
    <ClCompile Include="MarshallingTest.cpp">
      <Filter>Generated Code</Filter>
    </ClCompile>
    <ClCompile Include="MemoryStorageServiceTest.cpp">
      <Filter>Generated Code</Filter>
    </ClCompile>
    <ClCompile Include="NonVisibleNamespaceTest.cpp">
      <Filter>Generated Code</Filter>
    </ClCompile>
    <ClCompile Include="PKIXEngineTest.cpp">
      <Filter>Generated Code</Filter>
    </ClCompile>
    <ClCompile Include="SecurityHelperTest.cpp">
      <Filter>Generated Code</Filter>
    </ClCompile>
    <ClCompile Include="SignatureTest.cpp">
      <Filter>Generated Code</Filter>
    </ClCompile>
    <ClCompile Include="TemplateEngineTest.cpp">
      <Filter>Generated Code</Filter>
    </ClCompile>
    <ClCompile Include="UnmarshallingTest.cpp">
      <Filter>Generated Code</Filter>
    </ClCompile>
    <ClCompile Include="xmltoolingtest.cpp">
      <Filter>Generated Code</Filter>
    </ClCompile>
    <ClCompile Include="SOAPTest.cpp">
      <Filter>Generated Code</Filter>
    </ClCompile>
    <ClCompile Include="CloneInputStreamTest.cpp">
      <Filter>Generated Code</Filter>
    </ClCompile>
    <ClCompile Include="ExplicitKeyTrustEngineTest.cpp">
      <Filter>Generated Code</Filter>
    </ClCompile>
    <ClCompile Include="DataSealerTest.cpp">
      <Filter>Generated Code</Filter>
    </ClCompile>
    <ClCompile Include="DirectoryWalkerTest.cpp">
      <Filter>Generated Code</Filter>
    </ClCompile>
    <ClCompile Include="BadKeyInfoTest.cpp">
      <Filter>Generated Code</Filter>
    </ClCompile>
  </ItemGroup>
  <ItemGroup>
    <ClInclude Include="..\..\..\XMLToolingTest\XMLObjectBaseTestCase.h">
      <Filter>Unit Tests</Filter>
    </ClInclude>
  </ItemGroup>
  <ItemGroup>
    <None Include="..\..\..\XMLToolingTest\Makefile.am" />
  </ItemGroup>
  <ItemGroup>
    <CustomBuild Include="..\..\..\XMLToolingTest\ComplexXMLObjectTest.h">
      <Filter>Unit Tests</Filter>
    </CustomBuild>
    <CustomBuild Include="..\..\..\XMLToolingTest\DateTimeTest.h">
      <Filter>Unit Tests</Filter>
    </CustomBuild>
    <CustomBuild Include="..\..\..\XMLToolingTest\EncryptionTest.h">
      <Filter>Unit Tests</Filter>
    </CustomBuild>
    <CustomBuild Include="..\..\..\XMLToolingTest\ExceptionTest.h">
      <Filter>Unit Tests</Filter>
    </CustomBuild>
    <CustomBuild Include="..\..\..\XMLToolingTest\FilesystemCredentialResolverTest.h">
      <Filter>Unit Tests</Filter>
    </CustomBuild>
    <CustomBuild Include="..\..\..\XMLToolingTest\InlineKeyResolverTest.h">
      <Filter>Unit Tests</Filter>
    </CustomBuild>
    <CustomBuild Include="..\..\..\XMLToolingTest\KeyInfoTest.h">
      <Filter>Unit Tests</Filter>
    </CustomBuild>
    <CustomBuild Include="..\..\..\XMLToolingTest\MarshallingTest.h">
      <Filter>Unit Tests</Filter>
    </CustomBuild>
    <CustomBuild Include="..\..\..\XMLToolingTest\MemoryStorageServiceTest.h">
      <Filter>Unit Tests</Filter>
    </CustomBuild>
    <CustomBuild Include="..\..\..\XMLToolingTest\NonVisibleNamespaceTest.h">
      <Filter>Unit Tests</Filter>
    </CustomBuild>
    <CustomBuild Include="..\..\..\XMLToolingTest\PKIXEngineTest.h">
      <Filter>Unit Tests</Filter>
    </CustomBuild>
    <CustomBuild Include="..\..\..\XMLToolingTest\SecurityHelperTest.h">
      <Filter>Unit Tests</Filter>
    </CustomBuild>
    <CustomBuild Include="..\..\..\XMLToolingTest\SignatureTest.h">
      <Filter>Unit Tests</Filter>
    </CustomBuild>
    <CustomBuild Include="..\..\..\XMLToolingTest\TemplateEngineTest.h">
      <Filter>Unit Tests</Filter>
    </CustomBuild>
    <CustomBuild Include="..\..\..\XMLToolingTest\UnmarshallingTest.h">
      <Filter>Unit Tests</Filter>
    </CustomBuild>
    <CustomBuild Include="..\..\..\XMLToolingTest\xmltoolingtest.h">
      <Filter>Unit Tests</Filter>
    </CustomBuild>
    <CustomBuild Include="..\..\..\XMLToolingTest\SOAPTest.h">
      <Filter>Unit Tests</Filter>
    </CustomBuild>
    <CustomBuild Include="..\..\..\XMLToolingTest\CloneInputStreamTest.h">
      <Filter>Unit Tests</Filter>
    </CustomBuild>
    <CustomBuild Include="..\..\..\XMLToolingTest\ExplicitKeyTrustEngineTest.h">
      <Filter>Unit Tests</Filter>
    </CustomBuild>
    <CustomBuild Include="..\..\..\xmltoolingtest\DataSealerTest.h">
      <Filter>Unit Tests</Filter>
    </CustomBuild>
    <CustomBuild Include="..\..\..\xmltoolingtest\DirectoryWalkerTest.h">
      <Filter>Unit Tests</Filter>
    </CustomBuild>
    <CustomBuild Include="..\..\..\xmltoolingtest\BadKeyInfoTest.h">
      <Filter>Unit Tests</Filter>
    </CustomBuild>
  </ItemGroup>
</Project>